
Microsoft Visual Studio Solution File, Format Version 12.00
# Visual Studio Version 17
VisualStudioVersion = 17.5.33414.496
MinimumVisualStudioVersion = 10.0.40219.1
Project("{FAE04EC0-301F-11D3-BF4B-00C04F79EFBC}") = "CSharpPFCursus", "CSharpPFCursus\CSharpPFCursus.csproj", "{F1B61D0F-5755-442E-AE2A-FD0577AAA9EB}"
EndProject
Global
	GlobalSection(SolutionConfigurationPlatforms) = preSolution
		Debug|Any CPU = Debug|Any CPU
		Release|Any CPU = Release|Any CPU
	EndGlobalSection
	GlobalSection(ProjectConfigurationPlatforms) = postSolution
		{F1B61D0F-5755-442E-AE2A-FD0577AAA9EB}.Debug|Any CPU.ActiveCfg = Debug|Any CPU
		{F1B61D0F-5755-442E-AE2A-FD0577AAA9EB}.Debug|Any CPU.Build.0 = Debug|Any CPU
		{F1B61D0F-5755-442E-AE2A-FD0577AAA9EB}.Release|Any CPU.ActiveCfg = Release|Any CPU
		{F1B61D0F-5755-442E-AE2A-FD0577AAA9EB}.Release|Any CPU.Build.0 = Release|Any CPU
	EndGlobalSection
	GlobalSection(SolutionProperties) = preSolution
		HideSolutionNode = FALSE
	EndGlobalSection
	GlobalSection(ExtensibilityGlobals) = postSolution
		SolutionGuid = {C23ACE71-FF60-459D-8E93-842B76DE1F6F}
	EndGlobalSection
EndGlobal
